// !$*UTF8*$!
{
	archiveVersion = 1;
	classes = {
	};
	objectVersion = 56;
	objects = {

/* Begin PBXBuildFile section */
		8CCDC8B82C2BB8E900E13685 /* AppDelegate.swift in Sources */ = {isa = PBXBuildFile; fileRef = 8CCDC8B72C2BB8E900E13685 /* AppDelegate.swift */; };
		8CCDC8BA2C2BB8E900E13685 /* SceneDelegate.swift in Sources */ = {isa = PBXBuildFile; fileRef = 8CCDC8B92C2BB8E900E13685 /* SceneDelegate.swift */; };
		8CCDC8BC2C2BB8E900E13685 /* ViewController.swift in Sources */ = {isa = PBXBuildFile; fileRef = 8CCDC8BB2C2BB8E900E13685 /* ViewController.swift */; };
		8CCDC8BF2C2BB8E900E13685 /* Main.storyboard in Resources */ = {isa = PBXBuildFile; fileRef = 8CCDC8BD2C2BB8E900E13685 /* Main.storyboard */; };
		8CCDC8C12C2BB8EA00E13685 /* Assets.xcassets in Resources */ = {isa = PBXBuildFile; fileRef = 8CCDC8C02C2BB8EA00E13685 /* Assets.xcassets */; };
		8CCDC8C42C2BB8EA00E13685 /* LaunchScreen.storyboard in Resources */ = {isa = PBXBuildFile; fileRef = 8CCDC8C22C2BB8EA00E13685 /* LaunchScreen.storyboard */; };
		8CCDC8CD2C2BB92000E13685 /* RJCalendarView.swift in Sources */ = {isa = PBXBuildFile; fileRef = 8CCDC8CC2C2BB92000E13685 /* RJCalendarView.swift */; };
		8CCDC8CF2C2BB94E00E13685 /* RJCalendarModels.swift in Sources */ = {isa = PBXBuildFile; fileRef = 8CCDC8CE2C2BB94E00E13685 /* RJCalendarModels.swift */; };
		8CCDC8D12C2BB96F00E13685 /* CalendarCell.swift in Sources */ = {isa = PBXBuildFile; fileRef = 8CCDC8D02C2BB96F00E13685 /* CalendarCell.swift */; };
		8CCDC8D32C2BB9A700E13685 /* RJCalendarConstants.swift in Sources */ = {isa = PBXBuildFile; fileRef = 8CCDC8D22C2BB9A700E13685 /* RJCalendarConstants.swift */; };
/* End PBXBuildFile section */

/* Begin PBXFileReference section */
		8CCDC8B42C2BB8E900E13685 /* RJCalendar.app */ = {isa = PBXFileReference; explicitFileType = wrapper.application; includeInIndex = 0; path = RJCalendar.app; sourceTree = BUILT_PRODUCTS_DIR; };
		8CCDC8B72C2BB8E900E13685 /* AppDelegate.swift */ = {isa = PBXFileReference; lastKnownFileType = sourcecode.swift; path = AppDelegate.swift; sourceTree = "<group>"; };
		8CCDC8B92C2BB8E900E13685 /* SceneDelegate.swift */ = {isa = PBXFileReference; lastKnownFileType = sourcecode.swift; path = SceneDelegate.swift; sourceTree = "<group>"; };
		8CCDC8BB2C2BB8E900E13685 /* ViewController.swift */ = {isa = PBXFileReference; lastKnownFileType = sourcecode.swift; path = ViewController.swift; sourceTree = "<group>"; };
		8CCDC8BE2C2BB8E900E13685 /* Base */ = {isa = PBXFileReference; lastKnownFileType = file.storyboard; name = Base; path = Base.lproj/Main.storyboard; sourceTree = "<group>"; };
		8CCDC8C02C2BB8EA00E13685 /* Assets.xcassets */ = {isa = PBXFileReference; lastKnownFileType = folder.assetcatalog; path = Assets.xcassets; sourceTree = "<group>"; };
		8CCDC8C32C2BB8EA00E13685 /* Base */ = {isa = PBXFileReference; lastKnownFileType = file.storyboard; name = Base; path = Base.lproj/LaunchScreen.storyboard; sourceTree = "<group>"; };
		8CCDC8C52C2BB8EA00E13685 /* Info.plist */ = {isa = PBXFileReference; lastKnownFileType = text.plist.xml; path = Info.plist; sourceTree = "<group>"; };
		8CCDC8CC2C2BB92000E13685 /* RJCalendarView.swift */ = {isa = PBXFileReference; lastKnownFileType = sourcecode.swift; path = RJCalendarView.swift; sourceTree = "<group>"; };
		8CCDC8CE2C2BB94E00E13685 /* RJCalendarModels.swift */ = {isa = PBXFileReference; lastKnownFileType = sourcecode.swift; path = RJCalendarModels.swift; sourceTree = "<group>"; };
		8CCDC8D02C2BB96F00E13685 /* CalendarCell.swift */ = {isa = PBXFileReference; lastKnownFileType = sourcecode.swift; path = CalendarCell.swift; sourceTree = "<group>"; };
		8CCDC8D22C2BB9A700E13685 /* RJCalendarConstants.swift */ = {isa = PBXFileReference; lastKnownFileType = sourcecode.swift; path = RJCalendarConstants.swift; sourceTree = "<group>"; };
/* End PBXFileReference section */

/* Begin PBXFrameworksBuildPhase section */
		8CCDC8B12C2BB8E900E13685 /* Frameworks */ = {
			isa = PBXFrameworksBuildPhase;
			buildActionMask = 2147483647;
			files = (
			);
			runOnlyForDeploymentPostprocessing = 0;
		};
/* End PBXFrameworksBuildPhase section */

/* Begin PBXGroup section */
		8CCDC8AB2C2BB8E900E13685 = {
			isa = PBXGroup;
			children = (
				8CCDC8B62C2BB8E900E13685 /* RJCalendar */,
				8CCDC8B52C2BB8E900E13685 /* Products */,
			);
			sourceTree = "<group>";
		};
		8CCDC8B52C2BB8E900E13685 /* Products */ = {
			isa = PBXGroup;
			children = (
				8CCDC8B42C2BB8E900E13685 /* RJCalendar.app */,
			);
			name = Products;
			sourceTree = "<group>";
		};
		8CCDC8B62C2BB8E900E13685 /* RJCalendar */ = {
			isa = PBXGroup;
			children = (
				8CCDC8B72C2BB8E900E13685 /* AppDelegate.swift */,
				8CCDC8B92C2BB8E900E13685 /* SceneDelegate.swift */,
				8CCDC8BB2C2BB8E900E13685 /* ViewController.swift */,
				8CCDC8CB2C2BB90E00E13685 /* Source */,
				8CCDC8BD2C2BB8E900E13685 /* Main.storyboard */,
				8CCDC8C02C2BB8EA00E13685 /* Assets.xcassets */,
				8CCDC8C22C2BB8EA00E13685 /* LaunchScreen.storyboard */,
				8CCDC8C52C2BB8EA00E13685 /* Info.plist */,
			);
			path = RJCalendar;
			sourceTree = "<group>";
		};
		8CCDC8CB2C2BB90E00E13685 /* Source */ = {
			isa = PBXGroup;
			children = (
				8CCDC8D22C2BB9A700E13685 /* RJCalendarConstants.swift */,
				8CCDC8CE2C2BB94E00E13685 /* RJCalendarModels.swift */,
				8CCDC8CC2C2BB92000E13685 /* RJCalendarView.swift */,
				8CCDC8D02C2BB96F00E13685 /* CalendarCell.swift */,
			);
			path = Source;
			sourceTree = "<group>";
		};
/* End PBXGroup section */

/* Begin PBXNativeTarget section */
		8CCDC8B32C2BB8E900E13685 /* RJCalendar */ = {
			isa = PBXNativeTarget;
			buildConfigurationList = 8CCDC8C82C2BB8EA00E13685 /* Build configuration list for PBXNativeTarget "RJCalendar" */;
			buildPhases = (
				8CCDC8B02C2BB8E900E13685 /* Sources */,
				8CCDC8B12C2BB8E900E13685 /* Frameworks */,
				8CCDC8B22C2BB8E900E13685 /* Resources */,
			);
			buildRules = (
			);
			dependencies = (
			);
			name = RJCalendar;
			productName = RJCalendar;
			productReference = 8CCDC8B42C2BB8E900E13685 /* RJCalendar.app */;
			productType = "com.apple.product-type.application";
		};
/* End PBXNativeTarget section */

/* Begin PBXProject section */
		8CCDC8AC2C2BB8E900E13685 /* Project object */ = {
			isa = PBXProject;
			attributes = {
				BuildIndependentTargetsInParallel = 1;
				LastSwiftUpdateCheck = 1500;
				LastUpgradeCheck = 1500;
				TargetAttributes = {
					8CCDC8B32C2BB8E900E13685 = {
						CreatedOnToolsVersion = 15.0.1;
					};
				};
			};
			buildConfigurationList = 8CCDC8AF2C2BB8E900E13685 /* Build configuration list for PBXProject "RJCalendar" */;
			compatibilityVersion = "Xcode 14.0";
			developmentRegion = en;
			hasScannedForEncodings = 0;
			knownRegions = (
				en,
				Base,
			);
			mainGroup = 8CCDC8AB2C2BB8E900E13685;
			productRefGroup = 8CCDC8B52C2BB8E900E13685 /* Products */;
			projectDirPath = "";
			projectRoot = "";
			targets = (
				8CCDC8B32C2BB8E900E13685 /* RJCalendar */,
			);
		};
/* End PBXProject section */

/* Begin PBXResourcesBuildPhase section */
		8CCDC8B22C2BB8E900E13685 /* Resources */ = {
			isa = PBXResourcesBuildPhase;
			buildActionMask = 2147483647;
			files = (
				8CCDC8C42C2BB8EA00E13685 /* LaunchScreen.storyboard in Resources */,
				8CCDC8C12C2BB8EA00E13685 /* Assets.xcassets in Resources */,
				8CCDC8BF2C2BB8E900E13685 /* Main.storyboard in Resources */,
			);
			runOnlyForDeploymentPostprocessing = 0;
		};
/* End PBXResourcesBuildPhase section */

/* Begin PBXSourcesBuildPhase section */
		8CCDC8B02C2BB8E900E13685 /* Sources */ = {
			isa = PBXSourcesBuildPhase;
			buildActionMask = 2147483647;
			files = (
				8CCDC8BC2C2BB8E900E13685 /* ViewController.swift in Sources */,
				8CCDC8D12C2BB96F00E13685 /* CalendarCell.swift in Sources */,
				8CCDC8CD2C2BB92000E13685 /* RJCalendarView.swift in Sources */,
				8CCDC8D32C2BB9A700E13685 /* RJCalendarConstants.swift in Sources */,
				8CCDC8B82C2BB8E900E13685 /* AppDelegate.swift in Sources */,
				8CCDC8BA2C2BB8E900E13685 /* SceneDelegate.swift in Sources */,
				8CCDC8CF2C2BB94E00E13685 /* RJCalendarModels.swift in Sources */,
			);
			runOnlyForDeploymentPostprocessing = 0;
		};
/* End PBXSourcesBuildPhase section */

/* Begin PBXVariantGroup section */
		8CCDC8BD2C2BB8E900E13685 /* Main.storyboard */ = {
			isa = PBXVariantGroup;
			children = (
				8CCDC8BE2C2BB8E900E13685 /* Base */,
			);
			name = Main.storyboard;
			sourceTree = "<group>";
		};
		8CCDC8C22C2BB8EA00E13685 /* LaunchScreen.storyboard */ = {
			isa = PBXVariantGroup;
			children = (
				8CCDC8C32C2BB8EA00E13685 /* Base */,
			);
			name = LaunchScreen.storyboard;
			sourceTree = "<group>";
		};
/* End PBXVariantGroup section */

/* Begin XCBuildConfiguration section */
		8CCDC8C62C2BB8EA00E13685 /* Debug */ = {
			isa = XCBuildConfiguration;
			buildSettings = {
				ALWAYS_SEARCH_USER_PATHS = NO;
				ASSETCATALOG_COMPILER_GENERATE_SWIFT_ASSET_SYMBOL_EXTENSIONS = YES;
				CLANG_ANALYZER_NONNULL = YES;
				CLANG_ANALYZER_NUMBER_OBJECT_CONVERSION = YES_AGGRESSIVE;
				CLANG_CXX_LANGUAGE_STANDARD = "gnu++20";
				CLANG_ENABLE_MODULES = YES;
				CLANG_ENABLE_OBJC_ARC = YES;
				CLANG_ENABLE_OBJC_WEAK = YES;
				CLANG_WARN_BLOCK_CAPTURE_AUTORELEASING = YES;
				CLANG_WARN_BOOL_CONVERSION = YES;
				CLANG_WARN_COMMA = YES;
				CLANG_WARN_CONSTANT_CONVERSION = YES;
				CLANG_WARN_DEPRECATED_OBJC_IMPLEMENTATIONS = YES;
				CLANG_WARN_DIRECT_OBJC_ISA_USAGE = YES_ERROR;
				CLANG_WARN_DOCUMENTATION_COMMENTS = YES;
				CLANG_WARN_EMPTY_BODY = YES;
				CLANG_WARN_ENUM_CONVERSION = YES;
				CLANG_WARN_INFINITE_RECURSION = YES;
				CLANG_WARN_INT_CONVERSION = YES;
				CLANG_WARN_NON_LITERAL_NULL_CONVERSION = YES;
				CLANG_WARN_OBJC_IMPLICIT_RETAIN_SELF = YES;
				CLANG_WARN_OBJC_LITERAL_CONVERSION = YES;
				CLANG_WARN_OBJC_ROOT_CLASS = YES_ERROR;
				CLANG_WARN_QUOTED_INCLUDE_IN_FRAMEWORK_HEADER = YES;
				CLANG_WARN_RANGE_LOOP_ANALYSIS = YES;
				CLANG_WARN_STRICT_PROTOTYPES = YES;
				CLANG_WARN_SUSPICIOUS_MOVE = YES;
				CLANG_WARN_UNGUARDED_AVAILABILITY = YES_AGGRESSIVE;
				CLANG_WARN_UNREACHABLE_CODE = YES;
				CLANG_WARN__DUPLICATE_METHOD_MATCH = YES;
				COPY_PHASE_STRIP = NO;
				DEBUG_INFORMATION_FORMAT = dwarf;
				ENABLE_STRICT_OBJC_MSGSEND = YES;
				ENABLE_TESTABILITY = YES;
				ENABLE_USER_SCRIPT_SANDBOXING = YES;
				GCC_C_LANGUAGE_STANDARD = gnu17;
				GCC_DYNAMIC_NO_PIC = NO;
				GCC_NO_COMMON_BLOCKS = YES;
				GCC_OPTIMIZATION_LEVEL = 0;
				GCC_PREPROCESSOR_DEFINITIONS = (
					"DEBUG=1",
					"$(inherited)",
				);
				GCC_WARN_64_TO_32_BIT_CONVERSION = YES;
				GCC_WARN_ABOUT_RETURN_TYPE = YES_ERROR;
				GCC_WARN_UNDECLARED_SELECTOR = YES;
				GCC_WARN_UNINITIALIZED_AUTOS = YES_AGGRESSIVE;
				GCC_WARN_UNUSED_FUNCTION = YES;
				GCC_WARN_UNUSED_VARIABLE = YES;
				IPHONEOS_DEPLOYMENT_TARGET = 15.0;
				LOCALIZATION_PREFERS_STRING_CATALOGS = YES;
				MTL_ENABLE_DEBUG_INFO = INCLUDE_SOURCE;
				MTL_FAST_MATH = YES;
				ONLY_ACTIVE_ARCH = YES;
				SDKROOT = iphoneos;
				SWIFT_ACTIVE_COMPILATION_CONDITIONS = "DEBUG $(inherited)";
				SWIFT_OPTIMIZATION_LEVEL = "-Onone";
			};
			name = Debug;
		};
		8CCDC8C72C2BB8EA00E13685 /* Release */ = {
			isa = XCBuildConfiguration;
			buildSettings = {
				ALWAYS_SEARCH_USER_PATHS = NO;
				ASSETCATALOG_COMPILER_GENERATE_SWIFT_ASSET_SYMBOL_EXTENSIONS = YES;
				CLANG_ANALYZER_NONNULL = YES;
				CLANG_ANALYZER_NUMBER_OBJECT_CONVERSION = YES_AGGRESSIVE;
				CLANG_CXX_LANGUAGE_STANDARD = "gnu++20";
				CLANG_ENABLE_MODULES = YES;
				CLANG_ENABLE_OBJC_ARC = YES;
				CLANG_ENABLE_OBJC_WEAK = YES;
				CLANG_WARN_BLOCK_CAPTURE_AUTORELEASING = YES;
				CLANG_WARN_BOOL_CONVERSION = YES;
				CLANG_WARN_COMMA = YES;
				CLANG_WARN_CONSTANT_CONVERSION = YES;
				CLANG_WARN_DEPRECATED_OBJC_IMPLEMENTATIONS = YES;
				CLANG_WARN_DIRECT_OBJC_ISA_USAGE = YES_ERROR;
				CLANG_WARN_DOCUMENTATION_COMMENTS = YES;
				CLANG_WARN_EMPTY_BODY = YES;
				CLANG_WARN_ENUM_CONVERSION = YES;
				CLANG_WARN_INFINITE_RECURSION = YES;
				CLANG_WARN_INT_CONVERSION = YES;
				CLANG_WARN_NON_LITERAL_NULL_CONVERSION = YES;
				CLANG_WARN_OBJC_IMPLICIT_RETAIN_SELF = YES;
				CLANG_WARN_OBJC_LITERAL_CONVERSION = YES;
				CLANG_WARN_OBJC_ROOT_CLASS = YES_ERROR;
				CLANG_WARN_QUOTED_INCLUDE_IN_FRAMEWORK_HEADER = YES;
				CLANG_WARN_RANGE_LOOP_ANALYSIS = YES;
				CLANG_WARN_STRICT_PROTOTYPES = YES;
				CLANG_WARN_SUSPICIOUS_MOVE = YES;
				CLANG_WARN_UNGUARDED_AVAILABILITY = YES_AGGRESSIVE;
				CLANG_WARN_UNREACHABLE_CODE = YES;
				CLANG_WARN__DUPLICATE_METHOD_MATCH = YES;
				COPY_PHASE_STRIP = NO;
				DEBUG_INFORMATION_FORMAT = "dwarf-with-dsym";
				ENABLE_NS_ASSERTIONS = NO;
				ENABLE_STRICT_OBJC_MSGSEND = YES;
				ENABLE_USER_SCRIPT_SANDBOXING = YES;
				GCC_C_LANGUAGE_STANDARD = gnu17;
				GCC_NO_COMMON_BLOCKS = YES;
				GCC_WARN_64_TO_32_BIT_CONVERSION = YES;
				GCC_WARN_ABOUT_RETURN_TYPE = YES_ERROR;
				GCC_WARN_UNDECLARED_SELECTOR = YES;
				GCC_WARN_UNINITIALIZED_AUTOS = YES_AGGRESSIVE;
				GCC_WARN_UNUSED_FUNCTION = YES;
				GCC_WARN_UNUSED_VARIABLE = YES;
				IPHONEOS_DEPLOYMENT_TARGET = 15.0;
				LOCALIZATION_PREFERS_STRING_CATALOGS = YES;
				MTL_ENABLE_DEBUG_INFO = NO;
				MTL_FAST_MATH = YES;
				SDKROOT = iphoneos;
				SWIFT_COMPILATION_MODE = wholemodule;
				VALIDATE_PRODUCT = YES;
			};
			name = Release;
		};
		8CCDC8C92C2BB8EA00E13685 /* Debug */ = {
			isa = XCBuildConfiguration;
			buildSettings = {
				ASSETCATALOG_COMPILER_APPICON_NAME = AppIcon;
				ASSETCATALOG_COMPILER_GLOBAL_ACCENT_COLOR_NAME = AccentColor;
				CODE_SIGN_STYLE = Automatic;
				CURRENT_PROJECT_VERSION = 1;
				GENERATE_INFOPLIST_FILE = YES;
				INFOPLIST_FILE = RJCalendar/Info.plist;
				INFOPLIST_KEY_UIApplicationSupportsIndirectInputEvents = YES;
				INFOPLIST_KEY_UILaunchStoryboardName = LaunchScreen;
				INFOPLIST_KEY_UIMainStoryboardFile = Main;
				INFOPLIST_KEY_UISupportedInterfaceOrientations_iPad = "UIInterfaceOrientationPortrait UIInterfaceOrientationPortraitUpsideDown UIInterfaceOrientationLandscapeLeft UIInterfaceOrientationLandscapeRight";
				INFOPLIST_KEY_UISupportedInterfaceOrientations_iPhone = "UIInterfaceOrientationPortrait UIInterfaceOrientationLandscapeLeft UIInterfaceOrientationLandscapeRight";
				IPHONEOS_DEPLOYMENT_TARGET = 15.0;
				LD_RUNPATH_SEARCH_PATHS = (
					"$(inherited)",
					"@executable_path/Frameworks",
				);
				MARKETING_VERSION = 1.0;
				PRODUCT_BUNDLE_IDENTIFIER = mann.RJCalendar;
				PRODUCT_NAME = "$(TARGET_NAME)";
				SWIFT_EMIT_LOC_STRINGS = YES;
				SWIFT_VERSION = 5.0;
				TARGETED_DEVICE_FAMILY = "1,2";
			};
			name = Debug;
		};
		8CCDC8CA2C2BB8EA00E13685 /* Release */ = {
			isa = XCBuildConfiguration;
			buildSettings = {
				ASSETCATALOG_COMPILER_APPICON_NAME = AppIcon;
				ASSETCATALOG_COMPILER_GLOBAL_ACCENT_COLOR_NAME = AccentColor;
				CODE_SIGN_STYLE = Automatic;
				CURRENT_PROJECT_VERSION = 1;
				GENERATE_INFOPLIST_FILE = YES;
				INFOPLIST_FILE = RJCalendar/Info.plist;
				INFOPLIST_KEY_UIApplicationSupportsIndirectInputEvents = YES;
				INFOPLIST_KEY_UILaunchStoryboardName = LaunchScreen;
				INFOPLIST_KEY_UIMainStoryboardFile = Main;
				INFOPLIST_KEY_UISupportedInterfaceOrientations_iPad = "UIInterfaceOrientationPortrait UIInterfaceOrientationPortraitUpsideDown UIInterfaceOrientationLandscapeLeft UIInterfaceOrientationLandscapeRight";
				INFOPLIST_KEY_UISupportedInterfaceOrientations_iPhone = "UIInterfaceOrientationPortrait UIInterfaceOrientationLandscapeLeft UIInterfaceOrientationLandscapeRight";
				IPHONEOS_DEPLOYMENT_TARGET = 15.0;
				LD_RUNPATH_SEARCH_PATHS = (
					"$(inherited)",
					"@executable_path/Frameworks",
				);
				MARKETING_VERSION = 1.0;
				PRODUCT_BUNDLE_IDENTIFIER = mann.RJCalendar;
				PRODUCT_NAME = "$(TARGET_NAME)";
				SWIFT_EMIT_LOC_STRINGS = YES;
				SWIFT_VERSION = 5.0;
				TARGETED_DEVICE_FAMILY = "1,2";
			};
			name = Release;
		};
/* End XCBuildConfiguration section */

/* Begin XCConfigurationList section */
		8CCDC8AF2C2BB8E900E13685 /* Build configuration list for PBXProject "RJCalendar" */ = {
			isa = XCConfigurationList;
			buildConfigurations = (
				8CCDC8C62C2BB8EA00E13685 /* Debug */,
				8CCDC8C72C2BB8EA00E13685 /* Release */,
			);
			defaultConfigurationIsVisible = 0;
			defaultConfigurationName = Release;
		};
		8CCDC8C82C2BB8EA00E13685 /* Build configuration list for PBXNativeTarget "RJCalendar" */ = {
			isa = XCConfigurationList;
			buildConfigurations = (
				8CCDC8C92C2BB8EA00E13685 /* Debug */,
				8CCDC8CA2C2BB8EA00E13685 /* Release */,
			);
			defaultConfigurationIsVisible = 0;
			defaultConfigurationName = Release;
		};
/* End XCConfigurationList section */
	};
	rootObject = 8CCDC8AC2C2BB8E900E13685 /* Project object */;
}
